
Microsoft Visual Studio Solution File, Format Version 12.00
# Visual Studio Version 16
VisualStudioVersion = 16.0.30011.22
MinimumVisualStudioVersion = 10.0.40219.1
Project("{9A19103F-16F7-4668-BE54-9A1E7A4F7556}") = "YY.EventLogExportAssistant.Core", "Libs\YY.EventLogExportAssistant.Core\YY.EventLogExportAssistant.Core.csproj", "{5F55410F-8C36-42EC-A2D2-4975763ADE20}"
EndProject
Project("{2150E333-8FDC-42A3-9474-1A3956D46DE8}") = "Tests", "Tests", "{44948605-8B87-444A-B94D-530ADB059377}"
EndProject
Project("{9A19103F-16F7-4668-BE54-9A1E7A4F7556}") = "YY.EventLogExportAssistant.SQLServer", "Libs\YY.EventLogExportAssistant.SQLServer\YY.EventLogExportAssistant.SQLServer.csproj", "{2B04B71E-4785-401C-AED7-751A1C0B7DB1}"
	ProjectSection(ProjectDependencies) = postProject
		{5F55410F-8C36-42EC-A2D2-4975763ADE20} = {5F55410F-8C36-42EC-A2D2-4975763ADE20}
	EndProjectSection
EndProject
Project("{9A19103F-16F7-4668-BE54-9A1E7A4F7556}") = "YY.EventLogExportAssistant.PostgreSQL", "Libs\YY.EventLogExportAssistant.PostgreSQL\YY.EventLogExportAssistant.PostgreSQL.csproj", "{C5CB23FA-C924-452A-963B-2883A7F10994}"
	ProjectSection(ProjectDependencies) = postProject
		{5F55410F-8C36-42EC-A2D2-4975763ADE20} = {5F55410F-8C36-42EC-A2D2-4975763ADE20}
	EndProjectSection
EndProject
Project("{2150E333-8FDC-42A3-9474-1A3956D46DE8}") = "Solution Items", "Solution Items", "{4CA9D292-5342-4388-BC1C-A59E837CE283}"
	ProjectSection(SolutionItems) = preProject
		.travis.yml = .travis.yml
		appveyor.yml = appveyor.yml
		LICENSE = LICENSE
		Readme.md = Readme.md
	EndProjectSection
EndProject
Project("{9A19103F-16F7-4668-BE54-9A1E7A4F7556}") = "YY.EventLogExportAssistant.Core.Tests", "Tests\YY.EventLogExportAssistant.Core.Tests\YY.EventLogExportAssistant.Core.Tests.csproj", "{A3822078-CDCA-45DF-872D-153AD7DF142E}"
	ProjectSection(ProjectDependencies) = postProject
		{5F55410F-8C36-42EC-A2D2-4975763ADE20} = {5F55410F-8C36-42EC-A2D2-4975763ADE20}
	EndProjectSection
EndProject
Project("{9A19103F-16F7-4668-BE54-9A1E7A4F7556}") = "YY.EventLogExportToPostgreSQL", "Apps\YY.EventLogExportToPostgreSQL\YY.EventLogExportToPostgreSQL.csproj", "{9756BB57-6B11-4DE2-ACBD-6277691FF083}"
EndProject
Project("{2150E333-8FDC-42A3-9474-1A3956D46DE8}") = "Libs", "Libs", "{0F68727D-2383-427E-AF95-1329C70898C4}"
EndProject
Project("{2150E333-8FDC-42A3-9474-1A3956D46DE8}") = "Apps", "Apps", "{6EBA96D1-CD22-4055-B272-ABD22E864DF6}"
EndProject
Project("{9A19103F-16F7-4668-BE54-9A1E7A4F7556}") = "YY.EventLogExportToSQLServer", "Apps\YY.EventLogExportToSQLServer\YY.EventLogExportToSQLServer.csproj", "{34E386CA-1ADE-41FC-ADCB-229EC8B20CE6}"
	ProjectSection(ProjectDependencies) = postProject
		{5F55410F-8C36-42EC-A2D2-4975763ADE20} = {5F55410F-8C36-42EC-A2D2-4975763ADE20}
		{2B04B71E-4785-401C-AED7-751A1C0B7DB1} = {2B04B71E-4785-401C-AED7-751A1C0B7DB1}
	EndProjectSection
EndProject
Project("{2150E333-8FDC-42A3-9474-1A3956D46DE8}") = "Scripts", "Scripts", "{AF6C4D18-9F7B-4E44-9531-A191AA6F725E}"
	ProjectSection(SolutionItems) = preProject
		Scripts\appveyor-build.ps1 = Scripts\appveyor-build.ps1
		Scripts\appveyor-install-apps.ps1 = Scripts\appveyor-install-apps.ps1
		Scripts\appveyor-runTests.ps1 = Scripts\appveyor-runTests.ps1
		Scripts\deploy.sh = Scripts\deploy.sh
		Scripts\MySQL. Скрипт создания базы для хранения данных журнала регистрации.sql = Scripts\MySQL. Скрипт создания базы для хранения данных журнала регистрации.sql
		Scripts\PostgreSQL. Скрипт создания базы для хранения данных журнала регистрации.sql = Scripts\PostgreSQL. Скрипт создания базы для хранения данных журнала регистрации.sql
		Scripts\SQL Server. Скрипт создания базы для хранения данных журнала регистрации.sql = Scripts\SQL Server. Скрипт создания базы для хранения данных журнала регистрации.sql
	EndProjectSection
EndProject
Project("{2150E333-8FDC-42A3-9474-1A3956D46DE8}") = "Nuget", "Nuget", "{9C060815-539F-46E8-83AD-89F573568BC5}"
	ProjectSection(SolutionItems) = preProject
		Nuget\icon.png = Nuget\icon.png
	EndProjectSection
EndProject
Project("{9A19103F-16F7-4668-BE54-9A1E7A4F7556}") = "YY.EventLogExportAssistant.SQLServer.Tests", "Tests\YY.EventLogExportAssistant.SQLServer.Tests\YY.EventLogExportAssistant.SQLServer.Tests.csproj", "{74DB2292-783C-4692-9771-EB0C27B6E373}"
EndProject
Project("{9A19103F-16F7-4668-BE54-9A1E7A4F7556}") = "YY.EventLogExportAssistant.PostgreSQL.Tests", "Tests\YY.EventLogExportAssistant.PostgreSQL.Tests\YY.EventLogExportAssistant.PostgreSQL.Tests.csproj", "{540111EF-F6E0-427E-BD26-419119665269}"
EndProject
Project("{9A19103F-16F7-4668-BE54-9A1E7A4F7556}") = "YY.EventLogExportAssistant.ElasticSearch", "Libs\YY.EventLogExportAssistant.ElasticSearch\YY.EventLogExportAssistant.ElasticSearch.csproj", "{B511B6FE-7EB4-4CA7-8CC4-E70E70527D1A}"
EndProject
Project("{9A19103F-16F7-4668-BE54-9A1E7A4F7556}") = "YY.EventLogExportAssistant.ElasticSearch.Tests", "Tests\YY.EventLogExportAssistant.ElasticSearch.Tests\YY.EventLogExportAssistant.ElasticSearch.Tests.csproj", "{09105BB0-0E85-4464-A228-4FA7121BEFB9}"
EndProject
Project("{9A19103F-16F7-4668-BE54-9A1E7A4F7556}") = "YY.EventLogExportToElasticSearch", "Apps\YY.EventLogExportToElasticSearch\YY.EventLogExportToElasticSearch.csproj", "{AFE9FF1D-EBED-4174-8FA2-835D37E87B5B}"
EndProject
Project("{9A19103F-16F7-4668-BE54-9A1E7A4F7556}") = "YY.EventLogExportAssistant.MySQL", "Libs\YY.EventLogExportAssistant.MySQL\YY.EventLogExportAssistant.MySQL.csproj", "{38A5A1D0-BC76-43D8-9B1D-F347D7AC45AB}"
EndProject
Project("{9A19103F-16F7-4668-BE54-9A1E7A4F7556}") = "YY.EventLogExportAssistant.MySQL.Tests", "Tests\YY.EventLogExportAssistant.MySQL.Tests\YY.EventLogExportAssistant.MySQL.Tests.csproj", "{AF3653B3-495A-4FDE-AC22-C06C9BE72766}"
EndProject
Project("{9A19103F-16F7-4668-BE54-9A1E7A4F7556}") = "YY.EventLogExportToMySQL", "Apps\YY.EventLogExportToMySQL\YY.EventLogExportToMySQL.csproj", "{D268DD2D-7693-471A-A657-1132C0E2DB4E}"
EndProject
Global
	GlobalSection(SolutionConfigurationPlatforms) = preSolution
		Debug|Any CPU = Debug|Any CPU
		Release|Any CPU = Release|Any CPU
	EndGlobalSection
	GlobalSection(ProjectConfigurationPlatforms) = postSolution
		{5F55410F-8C36-42EC-A2D2-4975763ADE20}.Debug|Any CPU.ActiveCfg = Debug|Any CPU
		{5F55410F-8C36-42EC-A2D2-4975763ADE20}.Debug|Any CPU.Build.0 = Debug|Any CPU
		{5F55410F-8C36-42EC-A2D2-4975763ADE20}.Release|Any CPU.ActiveCfg = Release|Any CPU
		{5F55410F-8C36-42EC-A2D2-4975763ADE20}.Release|Any CPU.Build.0 = Release|Any CPU
		{2B04B71E-4785-401C-AED7-751A1C0B7DB1}.Debug|Any CPU.ActiveCfg = Debug|Any CPU
		{2B04B71E-4785-401C-AED7-751A1C0B7DB1}.Debug|Any CPU.Build.0 = Debug|Any CPU
		{2B04B71E-4785-401C-AED7-751A1C0B7DB1}.Release|Any CPU.ActiveCfg = Release|Any CPU
		{2B04B71E-4785-401C-AED7-751A1C0B7DB1}.Release|Any CPU.Build.0 = Release|Any CPU
		{C5CB23FA-C924-452A-963B-2883A7F10994}.Debug|Any CPU.ActiveCfg = Debug|Any CPU
		{C5CB23FA-C924-452A-963B-2883A7F10994}.Debug|Any CPU.Build.0 = Debug|Any CPU
		{C5CB23FA-C924-452A-963B-2883A7F10994}.Release|Any CPU.ActiveCfg = Release|Any CPU
		{C5CB23FA-C924-452A-963B-2883A7F10994}.Release|Any CPU.Build.0 = Release|Any CPU
		{A3822078-CDCA-45DF-872D-153AD7DF142E}.Debug|Any CPU.ActiveCfg = Debug|Any CPU
		{A3822078-CDCA-45DF-872D-153AD7DF142E}.Debug|Any CPU.Build.0 = Debug|Any CPU
		{A3822078-CDCA-45DF-872D-153AD7DF142E}.Release|Any CPU.ActiveCfg = Release|Any CPU
		{A3822078-CDCA-45DF-872D-153AD7DF142E}.Release|Any CPU.Build.0 = Release|Any CPU
		{9756BB57-6B11-4DE2-ACBD-6277691FF083}.Debug|Any CPU.ActiveCfg = Debug|Any CPU
		{9756BB57-6B11-4DE2-ACBD-6277691FF083}.Debug|Any CPU.Build.0 = Debug|Any CPU
		{9756BB57-6B11-4DE2-ACBD-6277691FF083}.Release|Any CPU.ActiveCfg = Release|Any CPU
		{9756BB57-6B11-4DE2-ACBD-6277691FF083}.Release|Any CPU.Build.0 = Release|Any CPU
		{34E386CA-1ADE-41FC-ADCB-229EC8B20CE6}.Debug|Any CPU.ActiveCfg = Debug|Any CPU
		{34E386CA-1ADE-41FC-ADCB-229EC8B20CE6}.Debug|Any CPU.Build.0 = Debug|Any CPU
		{34E386CA-1ADE-41FC-ADCB-229EC8B20CE6}.Release|Any CPU.ActiveCfg = Release|Any CPU
		{34E386CA-1ADE-41FC-ADCB-229EC8B20CE6}.Release|Any CPU.Build.0 = Release|Any CPU
		{74DB2292-783C-4692-9771-EB0C27B6E373}.Debug|Any CPU.ActiveCfg = Debug|Any CPU
		{74DB2292-783C-4692-9771-EB0C27B6E373}.Debug|Any CPU.Build.0 = Debug|Any CPU
		{74DB2292-783C-4692-9771-EB0C27B6E373}.Release|Any CPU.ActiveCfg = Release|Any CPU
		{74DB2292-783C-4692-9771-EB0C27B6E373}.Release|Any CPU.Build.0 = Release|Any CPU
		{540111EF-F6E0-427E-BD26-419119665269}.Debug|Any CPU.ActiveCfg = Debug|Any CPU
		{540111EF-F6E0-427E-BD26-419119665269}.Debug|Any CPU.Build.0 = Debug|Any CPU
		{540111EF-F6E0-427E-BD26-419119665269}.Release|Any CPU.ActiveCfg = Release|Any CPU
		{540111EF-F6E0-427E-BD26-419119665269}.Release|Any CPU.Build.0 = Release|Any CPU
		{B511B6FE-7EB4-4CA7-8CC4-E70E70527D1A}.Debug|Any CPU.ActiveCfg = Debug|Any CPU
		{B511B6FE-7EB4-4CA7-8CC4-E70E70527D1A}.Debug|Any CPU.Build.0 = Debug|Any CPU
		{B511B6FE-7EB4-4CA7-8CC4-E70E70527D1A}.Release|Any CPU.ActiveCfg = Release|Any CPU
		{B511B6FE-7EB4-4CA7-8CC4-E70E70527D1A}.Release|Any CPU.Build.0 = Release|Any CPU
		{09105BB0-0E85-4464-A228-4FA7121BEFB9}.Debug|Any CPU.ActiveCfg = Debug|Any CPU
		{09105BB0-0E85-4464-A228-4FA7121BEFB9}.Debug|Any CPU.Build.0 = Debug|Any CPU
		{09105BB0-0E85-4464-A228-4FA7121BEFB9}.Release|Any CPU.ActiveCfg = Release|Any CPU
		{09105BB0-0E85-4464-A228-4FA7121BEFB9}.Release|Any CPU.Build.0 = Release|Any CPU
		{AFE9FF1D-EBED-4174-8FA2-835D37E87B5B}.Debug|Any CPU.ActiveCfg = Debug|Any CPU
		{AFE9FF1D-EBED-4174-8FA2-835D37E87B5B}.Debug|Any CPU.Build.0 = Debug|Any CPU
		{AFE9FF1D-EBED-4174-8FA2-835D37E87B5B}.Release|Any CPU.ActiveCfg = Release|Any CPU
		{AFE9FF1D-EBED-4174-8FA2-835D37E87B5B}.Release|Any CPU.Build.0 = Release|Any CPU
		{38A5A1D0-BC76-43D8-9B1D-F347D7AC45AB}.Debug|Any CPU.ActiveCfg = Debug|Any CPU
		{38A5A1D0-BC76-43D8-9B1D-F347D7AC45AB}.Debug|Any CPU.Build.0 = Debug|Any CPU
		{38A5A1D0-BC76-43D8-9B1D-F347D7AC45AB}.Release|Any CPU.ActiveCfg = Release|Any CPU
		{38A5A1D0-BC76-43D8-9B1D-F347D7AC45AB}.Release|Any CPU.Build.0 = Release|Any CPU
		{AF3653B3-495A-4FDE-AC22-C06C9BE72766}.Debug|Any CPU.ActiveCfg = Debug|Any CPU
		{AF3653B3-495A-4FDE-AC22-C06C9BE72766}.Debug|Any CPU.Build.0 = Debug|Any CPU
		{AF3653B3-495A-4FDE-AC22-C06C9BE72766}.Release|Any CPU.ActiveCfg = Release|Any CPU
		{AF3653B3-495A-4FDE-AC22-C06C9BE72766}.Release|Any CPU.Build.0 = Release|Any CPU
		{D268DD2D-7693-471A-A657-1132C0E2DB4E}.Debug|Any CPU.ActiveCfg = Debug|Any CPU
		{D268DD2D-7693-471A-A657-1132C0E2DB4E}.Debug|Any CPU.Build.0 = Debug|Any CPU
		{D268DD2D-7693-471A-A657-1132C0E2DB4E}.Release|Any CPU.ActiveCfg = Release|Any CPU
		{D268DD2D-7693-471A-A657-1132C0E2DB4E}.Release|Any CPU.Build.0 = Release|Any CPU
	EndGlobalSection
	GlobalSection(SolutionProperties) = preSolution
		HideSolutionNode = FALSE
	EndGlobalSection
	GlobalSection(NestedProjects) = preSolution
		{5F55410F-8C36-42EC-A2D2-4975763ADE20} = {0F68727D-2383-427E-AF95-1329C70898C4}
		{2B04B71E-4785-401C-AED7-751A1C0B7DB1} = {0F68727D-2383-427E-AF95-1329C70898C4}
		{C5CB23FA-C924-452A-963B-2883A7F10994} = {0F68727D-2383-427E-AF95-1329C70898C4}
		{A3822078-CDCA-45DF-872D-153AD7DF142E} = {44948605-8B87-444A-B94D-530ADB059377}
		{9756BB57-6B11-4DE2-ACBD-6277691FF083} = {6EBA96D1-CD22-4055-B272-ABD22E864DF6}
		{34E386CA-1ADE-41FC-ADCB-229EC8B20CE6} = {6EBA96D1-CD22-4055-B272-ABD22E864DF6}
		{AF6C4D18-9F7B-4E44-9531-A191AA6F725E} = {4CA9D292-5342-4388-BC1C-A59E837CE283}
		{9C060815-539F-46E8-83AD-89F573568BC5} = {4CA9D292-5342-4388-BC1C-A59E837CE283}
		{74DB2292-783C-4692-9771-EB0C27B6E373} = {44948605-8B87-444A-B94D-530ADB059377}
		{540111EF-F6E0-427E-BD26-419119665269} = {44948605-8B87-444A-B94D-530ADB059377}
		{B511B6FE-7EB4-4CA7-8CC4-E70E70527D1A} = {0F68727D-2383-427E-AF95-1329C70898C4}
		{09105BB0-0E85-4464-A228-4FA7121BEFB9} = {44948605-8B87-444A-B94D-530ADB059377}
		{AFE9FF1D-EBED-4174-8FA2-835D37E87B5B} = {6EBA96D1-CD22-4055-B272-ABD22E864DF6}
		{38A5A1D0-BC76-43D8-9B1D-F347D7AC45AB} = {0F68727D-2383-427E-AF95-1329C70898C4}
		{AF3653B3-495A-4FDE-AC22-C06C9BE72766} = {44948605-8B87-444A-B94D-530ADB059377}
		{D268DD2D-7693-471A-A657-1132C0E2DB4E} = {6EBA96D1-CD22-4055-B272-ABD22E864DF6}
	EndGlobalSection
	GlobalSection(ExtensibilityGlobals) = postSolution
		SolutionGuid = {FD699DA7-A963-4E80-A744-FFB504828AF5}
	EndGlobalSection
EndGlobal
