
Microsoft Visual Studio Solution File, Format Version 12.00
# Visual Studio Version 16
VisualStudioVersion = 16.0.30011.22
MinimumVisualStudioVersion = 10.0.40219.1
Project("{9A19103F-16F7-4668-BE54-9A1E7A4F7556}") = "YY.EventLogExportMaster.Core", "YY.EventLogExportMaster.Core\YY.EventLogExportMaster.Core.csproj", "{5F55410F-8C36-42EC-A2D2-4975763ADE20}"
EndProject
Project("{2150E333-8FDC-42A3-9474-1A3956D46DE8}") = "Tests", "Tests", "{44948605-8B87-444A-B94D-530ADB059377}"
EndProject
Project("{9A19103F-16F7-4668-BE54-9A1E7A4F7556}") = "YY.EventLogExportMaster.SQLServer", "YY.EventLogExportMaster.SQLServer\YY.EventLogExportMaster.SQLServer.csproj", "{2B04B71E-4785-401C-AED7-751A1C0B7DB1}"
	ProjectSection(ProjectDependencies) = postProject
		{5F55410F-8C36-42EC-A2D2-4975763ADE20} = {5F55410F-8C36-42EC-A2D2-4975763ADE20}
	EndProjectSection
EndProject
Project("{9A19103F-16F7-4668-BE54-9A1E7A4F7556}") = "YY.EventLogExportMaster.PostgreSQL", "YY.EventLogExportMaster.PostgreSQL\YY.EventLogExportMaster.PostgreSQL.csproj", "{C5CB23FA-C924-452A-963B-2883A7F10994}"
	ProjectSection(ProjectDependencies) = postProject
		{5F55410F-8C36-42EC-A2D2-4975763ADE20} = {5F55410F-8C36-42EC-A2D2-4975763ADE20}
	EndProjectSection
EndProject
Project("{9A19103F-16F7-4668-BE54-9A1E7A4F7556}") = "YY.EventLogExportMaster.ElasticSearch", "YY.EventLogExportMaster.ElasticSearch\YY.EventLogExportMaster.ElasticSearch.csproj", "{959229E8-DAE7-48BA-9D20-C4768460AF04}"
	ProjectSection(ProjectDependencies) = postProject
		{5F55410F-8C36-42EC-A2D2-4975763ADE20} = {5F55410F-8C36-42EC-A2D2-4975763ADE20}
	EndProjectSection
EndProject
Project("{2150E333-8FDC-42A3-9474-1A3956D46DE8}") = "Solution Items", "Solution Items", "{4CA9D292-5342-4388-BC1C-A59E837CE283}"
	ProjectSection(SolutionItems) = preProject
		LICENSE = LICENSE
		Readme.md = Readme.md
	EndProjectSection
EndProject
Project("{9A19103F-16F7-4668-BE54-9A1E7A4F7556}") = "YY.EventLogExportMaster.Core.Tests", "Tests\YY.EventLogExportMaster.Core.Tests\YY.EventLogExportMaster.Core.Tests.csproj", "{A3822078-CDCA-45DF-872D-153AD7DF142E}"
	ProjectSection(ProjectDependencies) = postProject
		{5F55410F-8C36-42EC-A2D2-4975763ADE20} = {5F55410F-8C36-42EC-A2D2-4975763ADE20}
	EndProjectSection
EndProject
Project("{FAE04EC0-301F-11D3-BF4B-00C04F79EFBC}") = "YY.EventLogExportMasterConsoleApp", "YY.EventLogExportMasterConsoleApp\YY.EventLogExportMasterConsoleApp.csproj", "{EDBA6F39-C0AD-4A69-B420-60914489DA1D}"
	ProjectSection(ProjectDependencies) = postProject
		{2B04B71E-4785-401C-AED7-751A1C0B7DB1} = {2B04B71E-4785-401C-AED7-751A1C0B7DB1}
		{959229E8-DAE7-48BA-9D20-C4768460AF04} = {959229E8-DAE7-48BA-9D20-C4768460AF04}
		{C5CB23FA-C924-452A-963B-2883A7F10994} = {C5CB23FA-C924-452A-963B-2883A7F10994}
	EndProjectSection
EndProject
Global
	GlobalSection(SolutionConfigurationPlatforms) = preSolution
		Debug|Any CPU = Debug|Any CPU
		Release|Any CPU = Release|Any CPU
	EndGlobalSection
	GlobalSection(ProjectConfigurationPlatforms) = postSolution
		{5F55410F-8C36-42EC-A2D2-4975763ADE20}.Debug|Any CPU.ActiveCfg = Debug|Any CPU
		{5F55410F-8C36-42EC-A2D2-4975763ADE20}.Debug|Any CPU.Build.0 = Debug|Any CPU
		{5F55410F-8C36-42EC-A2D2-4975763ADE20}.Release|Any CPU.ActiveCfg = Release|Any CPU
		{5F55410F-8C36-42EC-A2D2-4975763ADE20}.Release|Any CPU.Build.0 = Release|Any CPU
		{2B04B71E-4785-401C-AED7-751A1C0B7DB1}.Debug|Any CPU.ActiveCfg = Debug|Any CPU
		{2B04B71E-4785-401C-AED7-751A1C0B7DB1}.Debug|Any CPU.Build.0 = Debug|Any CPU
		{2B04B71E-4785-401C-AED7-751A1C0B7DB1}.Release|Any CPU.ActiveCfg = Release|Any CPU
		{2B04B71E-4785-401C-AED7-751A1C0B7DB1}.Release|Any CPU.Build.0 = Release|Any CPU
		{C5CB23FA-C924-452A-963B-2883A7F10994}.Debug|Any CPU.ActiveCfg = Debug|Any CPU
		{C5CB23FA-C924-452A-963B-2883A7F10994}.Debug|Any CPU.Build.0 = Debug|Any CPU
		{C5CB23FA-C924-452A-963B-2883A7F10994}.Release|Any CPU.ActiveCfg = Release|Any CPU
		{C5CB23FA-C924-452A-963B-2883A7F10994}.Release|Any CPU.Build.0 = Release|Any CPU
		{959229E8-DAE7-48BA-9D20-C4768460AF04}.Debug|Any CPU.ActiveCfg = Debug|Any CPU
		{959229E8-DAE7-48BA-9D20-C4768460AF04}.Debug|Any CPU.Build.0 = Debug|Any CPU
		{959229E8-DAE7-48BA-9D20-C4768460AF04}.Release|Any CPU.ActiveCfg = Release|Any CPU
		{959229E8-DAE7-48BA-9D20-C4768460AF04}.Release|Any CPU.Build.0 = Release|Any CPU
		{A3822078-CDCA-45DF-872D-153AD7DF142E}.Debug|Any CPU.ActiveCfg = Debug|Any CPU
		{A3822078-CDCA-45DF-872D-153AD7DF142E}.Debug|Any CPU.Build.0 = Debug|Any CPU
		{A3822078-CDCA-45DF-872D-153AD7DF142E}.Release|Any CPU.ActiveCfg = Release|Any CPU
		{A3822078-CDCA-45DF-872D-153AD7DF142E}.Release|Any CPU.Build.0 = Release|Any CPU
		{EDBA6F39-C0AD-4A69-B420-60914489DA1D}.Debug|Any CPU.ActiveCfg = Debug|Any CPU
		{EDBA6F39-C0AD-4A69-B420-60914489DA1D}.Debug|Any CPU.Build.0 = Debug|Any CPU
		{EDBA6F39-C0AD-4A69-B420-60914489DA1D}.Release|Any CPU.ActiveCfg = Release|Any CPU
		{EDBA6F39-C0AD-4A69-B420-60914489DA1D}.Release|Any CPU.Build.0 = Release|Any CPU
	EndGlobalSection
	GlobalSection(SolutionProperties) = preSolution
		HideSolutionNode = FALSE
	EndGlobalSection
	GlobalSection(NestedProjects) = preSolution
		{A3822078-CDCA-45DF-872D-153AD7DF142E} = {44948605-8B87-444A-B94D-530ADB059377}
	EndGlobalSection
	GlobalSection(ExtensibilityGlobals) = postSolution
		SolutionGuid = {FD699DA7-A963-4E80-A744-FFB504828AF5}
	EndGlobalSection
EndGlobal
